
Microsoft Visual Studio Solution File, Format Version 12.00
# Visual Studio Version 16
VisualStudioVersion = 16.0.30804.86
MinimumVisualStudioVersion = 10.0.40219.1
Project("{FAE04EC0-301F-11D3-BF4B-00C04F79EFBC}") = "MyBook", "MyBook\MyBook.csproj", "{8C343C1C-9B00-43D1-AD10-7A4B85C9BE4D}"
EndProject
Global
	GlobalSection(SolutionConfigurationPlatforms) = preSolution
		Debug|Any CPU = Debug|Any CPU
		Release|Any CPU = Release|Any CPU
	EndGlobalSection
	GlobalSection(ProjectConfigurationPlatforms) = postSolution
		{8C343C1C-9B00-43D1-AD10-7A4B85C9BE4D}.Debug|Any CPU.ActiveCfg = Debug|Any CPU
		{8C343C1C-9B00-43D1-AD10-7A4B85C9BE4D}.Debug|Any CPU.Build.0 = Debug|Any CPU
		{8C343C1C-9B00-43D1-AD10-7A4B85C9BE4D}.Release|Any CPU.ActiveCfg = Release|Any CPU
		{8C343C1C-9B00-43D1-AD10-7A4B85C9BE4D}.Release|Any CPU.Build.0 = Release|Any CPU
	EndGlobalSection
	GlobalSection(SolutionProperties) = preSolution
		HideSolutionNode = FALSE
	EndGlobalSection
	GlobalSection(ExtensibilityGlobals) = postSolution
		SolutionGuid = {5AC78944-B064-4C99-AFF2-4B5068E3C4D4}
	EndGlobalSection
EndGlobal
